// !$*UTF8*$!
{
	archiveVersion = 1;
	classes = {
	};
	objectVersion = 46;
	objects = {

/* Begin PBXBuildFile section */
		F4671FE81F0DEF210079D301 /* AppDelegate.swift in Sources */ = {isa = PBXBuildFile; fileRef = F4671FE71F0DEF210079D301 /* AppDelegate.swift */; };
		F4671FEA1F0DEF210079D301 /* ViewController.swift in Sources */ = {isa = PBXBuildFile; fileRef = F4671FE91F0DEF210079D301 /* ViewController.swift */; };
		F4671FED1F0DEF210079D301 /* Main.storyboard in Resources */ = {isa = PBXBuildFile; fileRef = F4671FEB1F0DEF210079D301 /* Main.storyboard */; };
		F4671FEF1F0DEF210079D301 /* Assets.xcassets in Resources */ = {isa = PBXBuildFile; fileRef = F4671FEE1F0DEF210079D301 /* Assets.xcassets */; };
		F4671FF21F0DEF210079D301 /* LaunchScreen.storyboard in Resources */ = {isa = PBXBuildFile; fileRef = F4671FF01F0DEF210079D301 /* LaunchScreen.storyboard */; };
		F4671FFD1F0DEF210079D301 /* coldCallTests.swift in Sources */ = {isa = PBXBuildFile; fileRef = F4671FFC1F0DEF210079D301 /* coldCallTests.swift */; };
/* End PBXBuildFile section */

/* Begin PBXContainerItemProxy section */
		F4671FF91F0DEF210079D301 /* PBXContainerItemProxy */ = {
			isa = PBXContainerItemProxy;
			containerPortal = F4671FDC1F0DEF210079D301 /* Project object */;
			proxyType = 1;
			remoteGlobalIDString = F4671FE31F0DEF210079D301;
			remoteInfo = coldCall;
		};
/* End PBXContainerItemProxy section */

/* Begin PBXFileReference section */
		F4671FE41F0DEF210079D301 /* coldCall.app */ = {isa = PBXFileReference; explicitFileType = wrapper.application; includeInIndex = 0; path = coldCall.app; sourceTree = BUILT_PRODUCTS_DIR; };
		F4671FE71F0DEF210079D301 /* AppDelegate.swift */ = {isa = PBXFileReference; lastKnownFileType = sourcecode.swift; path = AppDelegate.swift; sourceTree = "<group>"; };
		F4671FE91F0DEF210079D301 /* ViewController.swift */ = {isa = PBXFileReference; lastKnownFileType = sourcecode.swift; path = ViewController.swift; sourceTree = "<group>"; };
		F4671FEC1F0DEF210079D301 /* Base */ = {isa = PBXFileReference; lastKnownFileType = file.storyboard; name = Base; path = Base.lproj/Main.storyboard; sourceTree = "<group>"; };
		F4671FEE1F0DEF210079D301 /* Assets.xcassets */ = {isa = PBXFileReference; lastKnownFileType = folder.assetcatalog; path = Assets.xcassets; sourceTree = "<group>"; };
		F4671FF11F0DEF210079D301 /* Base */ = {isa = PBXFileReference; lastKnownFileType = file.storyboard; name = Base; path = Base.lproj/LaunchScreen.storyboard; sourceTree = "<group>"; };
		F4671FF31F0DEF210079D301 /* Info.plist */ = {isa = PBXFileReference; lastKnownFileType = text.plist.xml; path = Info.plist; sourceTree = "<group>"; };
		F4671FF81F0DEF210079D301 /* coldCallTests.xctest */ = {isa = PBXFileReference; explicitFileType = wrapper.cfbundle; includeInIndex = 0; path = coldCallTests.xctest; sourceTree = BUILT_PRODUCTS_DIR; };
		F4671FFC1F0DEF210079D301 /* coldCallTests.swift */ = {isa = PBXFileReference; lastKnownFileType = sourcecode.swift; path = coldCallTests.swift; sourceTree = "<group>"; };
		F4671FFE1F0DEF210079D301 /* Info.plist */ = {isa = PBXFileReference; lastKnownFileType = text.plist.xml; path = Info.plist; sourceTree = "<group>"; };
/* End PBXFileReference section */

/* Begin PBXFrameworksBuildPhase section */
		F4671FE11F0DEF210079D301 /* Frameworks */ = {
			isa = PBXFrameworksBuildPhase;
			buildActionMask = 2147483647;
			files = (
			);
			runOnlyForDeploymentPostprocessing = 0;
		};
		F4671FF51F0DEF210079D301 /* Frameworks */ = {
			isa = PBXFrameworksBuildPhase;
			buildActionMask = 2147483647;
			files = (
			);
			runOnlyForDeploymentPostprocessing = 0;
		};
/* End PBXFrameworksBuildPhase section */

/* Begin PBXGroup section */
		F4671FDB1F0DEF210079D301 = {
			isa = PBXGroup;
			children = (
				F4671FE61F0DEF210079D301 /* coldCall */,
				F4671FFB1F0DEF210079D301 /* coldCallTests */,
				F4671FE51F0DEF210079D301 /* Products */,
			);
			sourceTree = "<group>";
		};
		F4671FE51F0DEF210079D301 /* Products */ = {
			isa = PBXGroup;
			children = (
				F4671FE41F0DEF210079D301 /* coldCall.app */,
				F4671FF81F0DEF210079D301 /* coldCallTests.xctest */,
			);
			name = Products;
			sourceTree = "<group>";
		};
		F4671FE61F0DEF210079D301 /* coldCall */ = {
			isa = PBXGroup;
			children = (
				F4671FE71F0DEF210079D301 /* AppDelegate.swift */,
				F4671FE91F0DEF210079D301 /* ViewController.swift */,
				F4671FEB1F0DEF210079D301 /* Main.storyboard */,
				F4671FEE1F0DEF210079D301 /* Assets.xcassets */,
				F4671FF01F0DEF210079D301 /* LaunchScreen.storyboard */,
				F4671FF31F0DEF210079D301 /* Info.plist */,
			);
			path = coldCall;
			sourceTree = "<group>";
		};
		F4671FFB1F0DEF210079D301 /* coldCallTests */ = {
			isa = PBXGroup;
			children = (
				F4671FFC1F0DEF210079D301 /* coldCallTests.swift */,
				F4671FFE1F0DEF210079D301 /* Info.plist */,
			);
			path = coldCallTests;
			sourceTree = "<group>";
		};
/* End PBXGroup section */

/* Begin PBXNativeTarget section */
		F4671FE31F0DEF210079D301 /* coldCall */ = {
			isa = PBXNativeTarget;
			buildConfigurationList = F46720011F0DEF210079D301 /* Build configuration list for PBXNativeTarget "coldCall" */;
			buildPhases = (
				F4671FE01F0DEF210079D301 /* Sources */,
				F4671FE11F0DEF210079D301 /* Frameworks */,
				F4671FE21F0DEF210079D301 /* Resources */,
			);
			buildRules = (
			);
			dependencies = (
			);
			name = coldCall;
			productName = coldCall;
			productReference = F4671FE41F0DEF210079D301 /* coldCall.app */;
			productType = "com.apple.product-type.application";
		};
		F4671FF71F0DEF210079D301 /* coldCallTests */ = {
			isa = PBXNativeTarget;
			buildConfigurationList = F46720041F0DEF210079D301 /* Build configuration list for PBXNativeTarget "coldCallTests" */;
			buildPhases = (
				F4671FF41F0DEF210079D301 /* Sources */,
				F4671FF51F0DEF210079D301 /* Frameworks */,
				F4671FF61F0DEF210079D301 /* Resources */,
			);
			buildRules = (
			);
			dependencies = (
				F4671FFA1F0DEF210079D301 /* PBXTargetDependency */,
			);
			name = coldCallTests;
			productName = coldCallTests;
			productReference = F4671FF81F0DEF210079D301 /* coldCallTests.xctest */;
			productType = "com.apple.product-type.bundle.unit-test";
		};
/* End PBXNativeTarget section */

/* Begin PBXProject section */
		F4671FDC1F0DEF210079D301 /* Project object */ = {
			isa = PBXProject;
			attributes = {
				LastSwiftUpdateCheck = 0820;
				LastUpgradeCheck = 0820;
				ORGANIZATIONNAME = "Erick Lui";
				TargetAttributes = {
					F4671FE31F0DEF210079D301 = {
						CreatedOnToolsVersion = 8.2.1;
						ProvisioningStyle = Automatic;
					};
					F4671FF71F0DEF210079D301 = {
						CreatedOnToolsVersion = 8.2.1;
						ProvisioningStyle = Automatic;
						TestTargetID = F4671FE31F0DEF210079D301;
					};
				};
			};
			buildConfigurationList = F4671FDF1F0DEF210079D301 /* Build configuration list for PBXProject "coldCall" */;
			compatibilityVersion = "Xcode 3.2";
			developmentRegion = English;
			hasScannedForEncodings = 0;
			knownRegions = (
				en,
				Base,
			);
			mainGroup = F4671FDB1F0DEF210079D301;
			productRefGroup = F4671FE51F0DEF210079D301 /* Products */;
			projectDirPath = "";
			projectRoot = "";
			targets = (
				F4671FE31F0DEF210079D301 /* coldCall */,
				F4671FF71F0DEF210079D301 /* coldCallTests */,
			);
		};
/* End PBXProject section */

/* Begin PBXResourcesBuildPhase section */
		F4671FE21F0DEF210079D301 /* Resources */ = {
			isa = PBXResourcesBuildPhase;
			buildActionMask = 2147483647;
			files = (
				F4671FF21F0DEF210079D301 /* LaunchScreen.storyboard in Resources */,
				F4671FEF1F0DEF210079D301 /* Assets.xcassets in Resources */,
				F4671FED1F0DEF210079D301 /* Main.storyboard in Resources */,
			);
			runOnlyForDeploymentPostprocessing = 0;
		};
		F4671FF61F0DEF210079D301 /* Resources */ = {
			isa = PBXResourcesBuildPhase;
			buildActionMask = 2147483647;
			files = (
			);
			runOnlyForDeploymentPostprocessing = 0;
		};
/* End PBXResourcesBuildPhase section */

/* Begin PBXSourcesBuildPhase section */
		F4671FE01F0DEF210079D301 /* Sources */ = {
			isa = PBXSourcesBuildPhase;
			buildActionMask = 2147483647;
			files = (
				F4671FEA1F0DEF210079D301 /* ViewController.swift in Sources */,
				F4671FE81F0DEF210079D301 /* AppDelegate.swift in Sources */,
			);
			runOnlyForDeploymentPostprocessing = 0;
		};
		F4671FF41F0DEF210079D301 /* Sources */ = {
			isa = PBXSourcesBuildPhase;
			buildActionMask = 2147483647;
			files = (
				F4671FFD1F0DEF210079D301 /* coldCallTests.swift in Sources */,
			);
			runOnlyForDeploymentPostprocessing = 0;
		};
/* End PBXSourcesBuildPhase section */

/* Begin PBXTargetDependency section */
		F4671FFA1F0DEF210079D301 /* PBXTargetDependency */ = {
			isa = PBXTargetDependency;
			target = F4671FE31F0DEF210079D301 /* coldCall */;
			targetProxy = F4671FF91F0DEF210079D301 /* PBXContainerItemProxy */;
		};
/* End PBXTargetDependency section */

/* Begin PBXVariantGroup section */
		F4671FEB1F0DEF210079D301 /* Main.storyboard */ = {
			isa = PBXVariantGroup;
			children = (
				F4671FEC1F0DEF210079D301 /* Base */,
			);
			name = Main.storyboard;
			sourceTree = "<group>";
		};
		F4671FF01F0DEF210079D301 /* LaunchScreen.storyboard */ = {
			isa = PBXVariantGroup;
			children = (
				F4671FF11F0DEF210079D301 /* Base */,
			);
			name = LaunchScreen.storyboard;
			sourceTree = "<group>";
		};
/* End PBXVariantGroup section */

/* Begin XCBuildConfiguration section */
		F4671FFF1F0DEF210079D301 /* Debug */ = {
			isa = XCBuildConfiguration;
			buildSettings = {
				ALWAYS_SEARCH_USER_PATHS = NO;
				CLANG_ANALYZER_NONNULL = YES;
				CLANG_CXX_LANGUAGE_STANDARD = "gnu++0x";
				CLANG_CXX_LIBRARY = "libc++";
				CLANG_ENABLE_MODULES = YES;
				CLANG_ENABLE_OBJC_ARC = YES;
				CLANG_WARN_BOOL_CONVERSION = YES;
				CLANG_WARN_CONSTANT_CONVERSION = YES;
				CLANG_WARN_DIRECT_OBJC_ISA_USAGE = YES_ERROR;
				CLANG_WARN_DOCUMENTATION_COMMENTS = YES;
				CLANG_WARN_EMPTY_BODY = YES;
				CLANG_WARN_ENUM_CONVERSION = YES;
				CLANG_WARN_INFINITE_RECURSION = YES;
				CLANG_WARN_INT_CONVERSION = YES;
				CLANG_WARN_OBJC_ROOT_CLASS = YES_ERROR;
				CLANG_WARN_SUSPICIOUS_MOVE = YES;
				CLANG_WARN_UNREACHABLE_CODE = YES;
				CLANG_WARN__DUPLICATE_METHOD_MATCH = YES;
				"CODE_SIGN_IDENTITY[sdk=iphoneos*]" = "iPhone Developer";
				COPY_PHASE_STRIP = NO;
				DEBUG_INFORMATION_FORMAT = dwarf;
				ENABLE_STRICT_OBJC_MSGSEND = YES;
				ENABLE_TESTABILITY = YES;
				GCC_C_LANGUAGE_STANDARD = gnu99;
				GCC_DYNAMIC_NO_PIC = NO;
				GCC_NO_COMMON_BLOCKS = YES;
				GCC_OPTIMIZATION_LEVEL = 0;
				GCC_PREPROCESSOR_DEFINITIONS = (
					"DEBUG=1",
					"$(inherited)",
				);
				GCC_WARN_64_TO_32_BIT_CONVERSION = YES;
				GCC_WARN_ABOUT_RETURN_TYPE = YES_ERROR;
				GCC_WARN_UNDECLARED_SELECTOR = YES;
				GCC_WARN_UNINITIALIZED_AUTOS = YES_AGGRESSIVE;
				GCC_WARN_UNUSED_FUNCTION = YES;
				GCC_WARN_UNUSED_VARIABLE = YES;
				IPHONEOS_DEPLOYMENT_TARGET = 10.2;
				MTL_ENABLE_DEBUG_INFO = YES;
				ONLY_ACTIVE_ARCH = YES;
				SDKROOT = iphoneos;
				SWIFT_ACTIVE_COMPILATION_CONDITIONS = DEBUG;
				SWIFT_OPTIMIZATION_LEVEL = "-Onone";
				TARGETED_DEVICE_FAMILY = "1,2";
			};
			name = Debug;
		};
		F46720001F0DEF210079D301 /* Release */ = {
			isa = XCBuildConfiguration;
			buildSettings = {
				ALWAYS_SEARCH_USER_PATHS = NO;
				CLANG_ANALYZER_NONNULL = YES;
				CLANG_CXX_LANGUAGE_STANDARD = "gnu++0x";
				CLANG_CXX_LIBRARY = "libc++";
				CLANG_ENABLE_MODULES = YES;
				CLANG_ENABLE_OBJC_ARC = YES;
				CLANG_WARN_BOOL_CONVERSION = YES;
				CLANG_WARN_CONSTANT_CONVERSION = YES;
				CLANG_WARN_DIRECT_OBJC_ISA_USAGE = YES_ERROR;
				CLANG_WARN_DOCUMENTATION_COMMENTS = YES;
				CLANG_WARN_EMPTY_BODY = YES;
				CLANG_WARN_ENUM_CONVERSION = YES;
				CLANG_WARN_INFINITE_RECURSION = YES;
				CLANG_WARN_INT_CONVERSION = YES;
				CLANG_WARN_OBJC_ROOT_CLASS = YES_ERROR;
				CLANG_WARN_SUSPICIOUS_MOVE = YES;
				CLANG_WARN_UNREACHABLE_CODE = YES;
				CLANG_WARN__DUPLICATE_METHOD_MATCH = YES;
				"CODE_SIGN_IDENTITY[sdk=iphoneos*]" = "iPhone Developer";
				COPY_PHASE_STRIP = NO;
				DEBUG_INFORMATION_FORMAT = "dwarf-with-dsym";
				ENABLE_NS_ASSERTIONS = NO;
				ENABLE_STRICT_OBJC_MSGSEND = YES;
				GCC_C_LANGUAGE_STANDARD = gnu99;
				GCC_NO_COMMON_BLOCKS = YES;
				GCC_WARN_64_TO_32_BIT_CONVERSION = YES;
				GCC_WARN_ABOUT_RETURN_TYPE = YES_ERROR;
				GCC_WARN_UNDECLARED_SELECTOR = YES;
				GCC_WARN_UNINITIALIZED_AUTOS = YES_AGGRESSIVE;
				GCC_WARN_UNUSED_FUNCTION = YES;
				GCC_WARN_UNUSED_VARIABLE = YES;
				IPHONEOS_DEPLOYMENT_TARGET = 10.2;
				MTL_ENABLE_DEBUG_INFO = NO;
				SDKROOT = iphoneos;
				SWIFT_OPTIMIZATION_LEVEL = "-Owholemodule";
				TARGETED_DEVICE_FAMILY = "1,2";
				VALIDATE_PRODUCT = YES;
			};
			name = Release;
		};
		F46720021F0DEF210079D301 /* Debug */ = {
			isa = XCBuildConfiguration;
			buildSettings = {
				ASSETCATALOG_COMPILER_APPICON_NAME = AppIcon;
				INFOPLIST_FILE = coldCall/Info.plist;
				LD_RUNPATH_SEARCH_PATHS = "$(inherited) @executable_path/Frameworks";
				PRODUCT_BUNDLE_IDENTIFIER = com.example.coldCall;
				PRODUCT_NAME = "$(TARGET_NAME)";
				SWIFT_VERSION = 3.0;
			};
			name = Debug;
		};
		F46720031F0DEF210079D301 /* Release */ = {
			isa = XCBuildConfiguration;
			buildSettings = {
				ASSETCATALOG_COMPILER_APPICON_NAME = AppIcon;
				INFOPLIST_FILE = coldCall/Info.plist;
				LD_RUNPATH_SEARCH_PATHS = "$(inherited) @executable_path/Frameworks";
				PRODUCT_BUNDLE_IDENTIFIER = com.example.coldCall;
				PRODUCT_NAME = "$(TARGET_NAME)";
				SWIFT_VERSION = 3.0;
			};
			name = Release;
		};
		F46720051F0DEF210079D301 /* Debug */ = {
			isa = XCBuildConfiguration;
			buildSettings = {
				ALWAYS_EMBED_SWIFT_STANDARD_LIBRARIES = YES;
				BUNDLE_LOADER = "$(TEST_HOST)";
				INFOPLIST_FILE = coldCallTests/Info.plist;
				LD_RUNPATH_SEARCH_PATHS = "$(inherited) @executable_path/Frameworks @loader_path/Frameworks";
				PRODUCT_BUNDLE_IDENTIFIER = com.example.coldCallTests;
				PRODUCT_NAME = "$(TARGET_NAME)";
				SWIFT_VERSION = 3.0;
				TEST_HOST = "$(BUILT_PRODUCTS_DIR)/coldCall.app/coldCall";
			};
			name = Debug;
		};
		F46720061F0DEF210079D301 /* Release */ = {
			isa = XCBuildConfiguration;
			buildSettings = {
				ALWAYS_EMBED_SWIFT_STANDARD_LIBRARIES = YES;
				BUNDLE_LOADER = "$(TEST_HOST)";
				INFOPLIST_FILE = coldCallTests/Info.plist;
				LD_RUNPATH_SEARCH_PATHS = "$(inherited) @executable_path/Frameworks @loader_path/Frameworks";
				PRODUCT_BUNDLE_IDENTIFIER = com.example.coldCallTests;
				PRODUCT_NAME = "$(TARGET_NAME)";
				SWIFT_VERSION = 3.0;
				TEST_HOST = "$(BUILT_PRODUCTS_DIR)/coldCall.app/coldCall";
			};
			name = Release;
		};
/* End XCBuildConfiguration section */

/* Begin XCConfigurationList section */
		F4671FDF1F0DEF210079D301 /* Build configuration list for PBXProject "coldCall" */ = {
			isa = XCConfigurationList;
			buildConfigurations = (
				F4671FFF1F0DEF210079D301 /* Debug */,
				F46720001F0DEF210079D301 /* Release */,
			);
			defaultConfigurationIsVisible = 0;
			defaultConfigurationName = Release;
		};
		F46720011F0DEF210079D301 /* Build configuration list for PBXNativeTarget "coldCall" */ = {
			isa = XCConfigurationList;
			buildConfigurations = (
				F46720021F0DEF210079D301 /* Debug */,
				F46720031F0DEF210079D301 /* Release */,
			);
			defaultConfigurationIsVisible = 0;
		};
		F46720041F0DEF210079D301 /* Build configuration list for PBXNativeTarget "coldCallTests" */ = {
			isa = XCConfigurationList;
			buildConfigurations = (
				F46720051F0DEF210079D301 /* Debug */,
				F46720061F0DEF210079D301 /* Release */,
			);
			defaultConfigurationIsVisible = 0;
		};
/* End XCConfigurationList section */
	};
	rootObject = F4671FDC1F0DEF210079D301 /* Project object */;
}
